
Microsoft Visual Studio Solution File, Format Version 12.00
# Visual Studio Version 16
VisualStudioVersion = 16.0.30413.136
MinimumVisualStudioVersion = 10.0.40219.1
Project("{FAE04EC0-301F-11D3-BF4B-00C04F79EFBC}") = "DashboardUNTUNK", "DashboardUNTUNK.csproj", "{DC33458A-E2F6-4BA9-9632-011114D2CA22}"
EndProject
Global
	GlobalSection(SolutionConfigurationPlatforms) = preSolution
		Debug|Any CPU = Debug|Any CPU
		Release|Any CPU = Release|Any CPU
	EndGlobalSection
	GlobalSection(ProjectConfigurationPlatforms) = postSolution
		{DC33458A-E2F6-4BA9-9632-011114D2CA22}.Debug|Any CPU.ActiveCfg = Debug|Any CPU
		{DC33458A-E2F6-4BA9-9632-011114D2CA22}.Debug|Any CPU.Build.0 = Debug|Any CPU
		{DC33458A-E2F6-4BA9-9632-011114D2CA22}.Release|Any CPU.ActiveCfg = Release|Any CPU
		{DC33458A-E2F6-4BA9-9632-011114D2CA22}.Release|Any CPU.Build.0 = Release|Any CPU
	EndGlobalSection
	GlobalSection(SolutionProperties) = preSolution
		HideSolutionNode = FALSE
	EndGlobalSection
	GlobalSection(ExtensibilityGlobals) = postSolution
		SolutionGuid = {29F226FF-0CFF-4CFA-BC03-E290EB0E8036}
	EndGlobalSection
EndGlobal
